
Microsoft Visual Studio Solution File, Format Version 12.00
# Visual Studio Version 17
VisualStudioVersion = 17.5.002.0
MinimumVisualStudioVersion = 10.0.40219.1
Project("{2150E333-8FDC-42A3-9474-1A3956D46DE8}") = "src", "src", "{BC4D1681-5BA4-43FE-A3CA-213768220D69}"
EndProject
Project("{9A19103F-16F7-4668-BE54-9A1E7A4F7556}") = "Play.Catalog.Service", "src\Play.Catalog.Service\Play.Catalog.Service.csproj", "{C319761D-0355-4066-B244-AD16CE283795}"
EndProject
Global
	GlobalSection(SolutionConfigurationPlatforms) = preSolution
		Debug|Any CPU = Debug|Any CPU
		Release|Any CPU = Release|Any CPU
	EndGlobalSection
	GlobalSection(ProjectConfigurationPlatforms) = postSolution
		{C319761D-0355-4066-B244-AD16CE283795}.Debug|Any CPU.ActiveCfg = Debug|Any CPU
		{C319761D-0355-4066-B244-AD16CE283795}.Debug|Any CPU.Build.0 = Debug|Any CPU
		{C319761D-0355-4066-B244-AD16CE283795}.Release|Any CPU.ActiveCfg = Release|Any CPU
		{C319761D-0355-4066-B244-AD16CE283795}.Release|Any CPU.Build.0 = Release|Any CPU
	EndGlobalSection
	GlobalSection(SolutionProperties) = preSolution
		HideSolutionNode = FALSE
	EndGlobalSection
	GlobalSection(NestedProjects) = preSolution
		{C319761D-0355-4066-B244-AD16CE283795} = {BC4D1681-5BA4-43FE-A3CA-213768220D69}
	EndGlobalSection
	GlobalSection(ExtensibilityGlobals) = postSolution
		SolutionGuid = {09777582-02C0-426F-B34C-F91AFD6F45F0}
	EndGlobalSection
EndGlobal
